// !$*UTF8*$!
{
	archiveVersion = 1;
	classes = {
	};
	objectVersion = 50;
	objects = {

/* Begin PBXBuildFile section */
		CED6B7FA25C7B0F9005E0676 /* AppDelegate.swift in Sources */ = {isa = PBXBuildFile; fileRef = CED6B7F925C7B0F9005E0676 /* AppDelegate.swift */; };
		CED6B7FC25C7B0F9005E0676 /* SceneDelegate.swift in Sources */ = {isa = PBXBuildFile; fileRef = CED6B7FB25C7B0F9005E0676 /* SceneDelegate.swift */; };
		CED6B7FE25C7B0F9005E0676 /* ViewController.swift in Sources */ = {isa = PBXBuildFile; fileRef = CED6B7FD25C7B0F9005E0676 /* ViewController.swift */; };
		CED6B80125C7B0F9005E0676 /* Main.storyboard in Resources */ = {isa = PBXBuildFile; fileRef = CED6B7FF25C7B0F9005E0676 /* Main.storyboard */; };
		CED6B80325C7B0FA005E0676 /* Assets.xcassets in Resources */ = {isa = PBXBuildFile; fileRef = CED6B80225C7B0FA005E0676 /* Assets.xcassets */; };
		CED6B80625C7B0FA005E0676 /* LaunchScreen.storyboard in Resources */ = {isa = PBXBuildFile; fileRef = CED6B80425C7B0FA005E0676 /* LaunchScreen.storyboard */; };
		CED6B81025C7D051005E0676 /* Card.swift in Sources */ = {isa = PBXBuildFile; fileRef = CED6B80F25C7D051005E0676 /* Card.swift */; };
		CED6B81325C7D098005E0676 /* ConcentrationGame.swift in Sources */ = {isa = PBXBuildFile; fileRef = CED6B81225C7D098005E0676 /* ConcentrationGame.swift */; };
/* End PBXBuildFile section */

/* Begin PBXFileReference section */
		CED6B7F625C7B0F9005E0676 /* standfordCourseOne.app */ = {isa = PBXFileReference; explicitFileType = wrapper.application; includeInIndex = 0; path = standfordCourseOne.app; sourceTree = BUILT_PRODUCTS_DIR; };
		CED6B7F925C7B0F9005E0676 /* AppDelegate.swift */ = {isa = PBXFileReference; lastKnownFileType = sourcecode.swift; path = AppDelegate.swift; sourceTree = "<group>"; };
		CED6B7FB25C7B0F9005E0676 /* SceneDelegate.swift */ = {isa = PBXFileReference; lastKnownFileType = sourcecode.swift; path = SceneDelegate.swift; sourceTree = "<group>"; };
		CED6B7FD25C7B0F9005E0676 /* ViewController.swift */ = {isa = PBXFileReference; lastKnownFileType = sourcecode.swift; path = ViewController.swift; sourceTree = "<group>"; };
		CED6B80025C7B0F9005E0676 /* Base */ = {isa = PBXFileReference; lastKnownFileType = file.storyboard; name = Base; path = Base.lproj/Main.storyboard; sourceTree = "<group>"; };
		CED6B80225C7B0FA005E0676 /* Assets.xcassets */ = {isa = PBXFileReference; lastKnownFileType = folder.assetcatalog; path = Assets.xcassets; sourceTree = "<group>"; };
		CED6B80525C7B0FA005E0676 /* Base */ = {isa = PBXFileReference; lastKnownFileType = file.storyboard; name = Base; path = Base.lproj/LaunchScreen.storyboard; sourceTree = "<group>"; };
		CED6B80725C7B0FA005E0676 /* Info.plist */ = {isa = PBXFileReference; lastKnownFileType = text.plist.xml; path = Info.plist; sourceTree = "<group>"; };
		CED6B80F25C7D051005E0676 /* Card.swift */ = {isa = PBXFileReference; lastKnownFileType = sourcecode.swift; path = Card.swift; sourceTree = "<group>"; };
		CED6B81225C7D098005E0676 /* ConcentrationGame.swift */ = {isa = PBXFileReference; lastKnownFileType = sourcecode.swift; path = ConcentrationGame.swift; sourceTree = "<group>"; };
/* End PBXFileReference section */

/* Begin PBXFrameworksBuildPhase section */
		CED6B7F325C7B0F9005E0676 /* Frameworks */ = {
			isa = PBXFrameworksBuildPhase;
			buildActionMask = 2147483647;
			files = (
			);
			runOnlyForDeploymentPostprocessing = 0;
		};
/* End PBXFrameworksBuildPhase section */

/* Begin PBXGroup section */
		CED6B7ED25C7B0F9005E0676 = {
			isa = PBXGroup;
			children = (
				CED6B7F825C7B0F9005E0676 /* standfordCourseOne */,
				CED6B7F725C7B0F9005E0676 /* Products */,
			);
			sourceTree = "<group>";
		};
		CED6B7F725C7B0F9005E0676 /* Products */ = {
			isa = PBXGroup;
			children = (
				CED6B7F625C7B0F9005E0676 /* standfordCourseOne.app */,
			);
			name = Products;
			sourceTree = "<group>";
		};
		CED6B7F825C7B0F9005E0676 /* standfordCourseOne */ = {
			isa = PBXGroup;
			children = (
				CED6B7F925C7B0F9005E0676 /* AppDelegate.swift */,
				CED6B7FB25C7B0F9005E0676 /* SceneDelegate.swift */,
				CED6B7FD25C7B0F9005E0676 /* ViewController.swift */,
				CED6B81225C7D098005E0676 /* ConcentrationGame.swift */,
				CED6B80F25C7D051005E0676 /* Card.swift */,
				CED6B7FF25C7B0F9005E0676 /* Main.storyboard */,
				CED6B80225C7B0FA005E0676 /* Assets.xcassets */,
				CED6B80425C7B0FA005E0676 /* LaunchScreen.storyboard */,
				CED6B80725C7B0FA005E0676 /* Info.plist */,
			);
			path = standfordCourseOne;
			sourceTree = "<group>";
		};
/* End PBXGroup section */

/* Begin PBXNativeTarget section */
		CED6B7F525C7B0F9005E0676 /* standfordCourseOne */ = {
			isa = PBXNativeTarget;
			buildConfigurationList = CED6B80A25C7B0FA005E0676 /* Build configuration list for PBXNativeTarget "standfordCourseOne" */;
			buildPhases = (
				CED6B7F225C7B0F9005E0676 /* Sources */,
				CED6B7F325C7B0F9005E0676 /* Frameworks */,
				CED6B7F425C7B0F9005E0676 /* Resources */,
			);
			buildRules = (
			);
			dependencies = (
			);
			name = standfordCourseOne;
			productName = standfordCourseOne;
			productReference = CED6B7F625C7B0F9005E0676 /* standfordCourseOne.app */;
			productType = "com.apple.product-type.application";
		};
/* End PBXNativeTarget section */

/* Begin PBXProject section */
		CED6B7EE25C7B0F9005E0676 /* Project object */ = {
			isa = PBXProject;
			attributes = {
				LastSwiftUpdateCheck = 1240;
				LastUpgradeCheck = 1240;
				TargetAttributes = {
					CED6B7F525C7B0F9005E0676 = {
						CreatedOnToolsVersion = 12.4;
					};
				};
			};
			buildConfigurationList = CED6B7F125C7B0F9005E0676 /* Build configuration list for PBXProject "standfordCourseOne" */;
			compatibilityVersion = "Xcode 9.3";
			developmentRegion = en;
			hasScannedForEncodings = 0;
			knownRegions = (
				en,
				Base,
			);
			mainGroup = CED6B7ED25C7B0F9005E0676;
			productRefGroup = CED6B7F725C7B0F9005E0676 /* Products */;
			projectDirPath = "";
			projectRoot = "";
			targets = (
				CED6B7F525C7B0F9005E0676 /* standfordCourseOne */,
			);
		};
/* End PBXProject section */

/* Begin PBXResourcesBuildPhase section */
		CED6B7F425C7B0F9005E0676 /* Resources */ = {
			isa = PBXResourcesBuildPhase;
			buildActionMask = 2147483647;
			files = (
				CED6B80625C7B0FA005E0676 /* LaunchScreen.storyboard in Resources */,
				CED6B80325C7B0FA005E0676 /* Assets.xcassets in Resources */,
				CED6B80125C7B0F9005E0676 /* Main.storyboard in Resources */,
			);
			runOnlyForDeploymentPostprocessing = 0;
		};
/* End PBXResourcesBuildPhase section */

/* Begin PBXSourcesBuildPhase section */
		CED6B7F225C7B0F9005E0676 /* Sources */ = {
			isa = PBXSourcesBuildPhase;
			buildActionMask = 2147483647;
			files = (
				CED6B7FE25C7B0F9005E0676 /* ViewController.swift in Sources */,
				CED6B7FA25C7B0F9005E0676 /* AppDelegate.swift in Sources */,
				CED6B81325C7D098005E0676 /* ConcentrationGame.swift in Sources */,
				CED6B7FC25C7B0F9005E0676 /* SceneDelegate.swift in Sources */,
				CED6B81025C7D051005E0676 /* Card.swift in Sources */,
			);
			runOnlyForDeploymentPostprocessing = 0;
		};
/* End PBXSourcesBuildPhase section */

/* Begin PBXVariantGroup section */
		CED6B7FF25C7B0F9005E0676 /* Main.storyboard */ = {
			isa = PBXVariantGroup;
			children = (
				CED6B80025C7B0F9005E0676 /* Base */,
			);
			name = Main.storyboard;
			sourceTree = "<group>";
		};
		CED6B80425C7B0FA005E0676 /* LaunchScreen.storyboard */ = {
			isa = PBXVariantGroup;
			children = (
				CED6B80525C7B0FA005E0676 /* Base */,
			);
			name = LaunchScreen.storyboard;
			sourceTree = "<group>";
		};
/* End PBXVariantGroup section */

/* Begin XCBuildConfiguration section */
		CED6B80825C7B0FA005E0676 /* Debug */ = {
			isa = XCBuildConfiguration;
			buildSettings = {
				ALWAYS_SEARCH_USER_PATHS = NO;
				CLANG_ANALYZER_NONNULL = YES;
				CLANG_ANALYZER_NUMBER_OBJECT_CONVERSION = YES_AGGRESSIVE;
				CLANG_CXX_LANGUAGE_STANDARD = "gnu++14";
				CLANG_CXX_LIBRARY = "libc++";
				CLANG_ENABLE_MODULES = YES;
				CLANG_ENABLE_OBJC_ARC = YES;
				CLANG_ENABLE_OBJC_WEAK = YES;
				CLANG_WARN_BLOCK_CAPTURE_AUTORELEASING = YES;
				CLANG_WARN_BOOL_CONVERSION = YES;
				CLANG_WARN_COMMA = YES;
				CLANG_WARN_CONSTANT_CONVERSION = YES;
				CLANG_WARN_DEPRECATED_OBJC_IMPLEMENTATIONS = YES;
				CLANG_WARN_DIRECT_OBJC_ISA_USAGE = YES_ERROR;
				CLANG_WARN_DOCUMENTATION_COMMENTS = YES;
				CLANG_WARN_EMPTY_BODY = YES;
				CLANG_WARN_ENUM_CONVERSION = YES;
				CLANG_WARN_INFINITE_RECURSION = YES;
				CLANG_WARN_INT_CONVERSION = YES;
				CLANG_WARN_NON_LITERAL_NULL_CONVERSION = YES;
				CLANG_WARN_OBJC_IMPLICIT_RETAIN_SELF = YES;
				CLANG_WARN_OBJC_LITERAL_CONVERSION = YES;
				CLANG_WARN_OBJC_ROOT_CLASS = YES_ERROR;
				CLANG_WARN_QUOTED_INCLUDE_IN_FRAMEWORK_HEADER = YES;
				CLANG_WARN_RANGE_LOOP_ANALYSIS = YES;
				CLANG_WARN_STRICT_PROTOTYPES = YES;
				CLANG_WARN_SUSPICIOUS_MOVE = YES;
				CLANG_WARN_UNGUARDED_AVAILABILITY = YES_AGGRESSIVE;
				CLANG_WARN_UNREACHABLE_CODE = YES;
				CLANG_WARN__DUPLICATE_METHOD_MATCH = YES;
				COPY_PHASE_STRIP = NO;
				DEBUG_INFORMATION_FORMAT = dwarf;
				ENABLE_STRICT_OBJC_MSGSEND = YES;
				ENABLE_TESTABILITY = YES;
				GCC_C_LANGUAGE_STANDARD = gnu11;
				GCC_DYNAMIC_NO_PIC = NO;
				GCC_NO_COMMON_BLOCKS = YES;
				GCC_OPTIMIZATION_LEVEL = 0;
				GCC_PREPROCESSOR_DEFINITIONS = (
					"DEBUG=1",
					"$(inherited)",
				);
				GCC_WARN_64_TO_32_BIT_CONVERSION = YES;
				GCC_WARN_ABOUT_RETURN_TYPE = YES_ERROR;
				GCC_WARN_UNDECLARED_SELECTOR = YES;
				GCC_WARN_UNINITIALIZED_AUTOS = YES_AGGRESSIVE;
				GCC_WARN_UNUSED_FUNCTION = YES;
				GCC_WARN_UNUSED_VARIABLE = YES;
				IPHONEOS_DEPLOYMENT_TARGET = 14.4;
				MTL_ENABLE_DEBUG_INFO = INCLUDE_SOURCE;
				MTL_FAST_MATH = YES;
				ONLY_ACTIVE_ARCH = YES;
				SDKROOT = iphoneos;
				SWIFT_ACTIVE_COMPILATION_CONDITIONS = DEBUG;
				SWIFT_OPTIMIZATION_LEVEL = "-Onone";
			};
			name = Debug;
		};
		CED6B80925C7B0FA005E0676 /* Release */ = {
			isa = XCBuildConfiguration;
			buildSettings = {
				ALWAYS_SEARCH_USER_PATHS = NO;
				CLANG_ANALYZER_NONNULL = YES;
				CLANG_ANALYZER_NUMBER_OBJECT_CONVERSION = YES_AGGRESSIVE;
				CLANG_CXX_LANGUAGE_STANDARD = "gnu++14";
				CLANG_CXX_LIBRARY = "libc++";
				CLANG_ENABLE_MODULES = YES;
				CLANG_ENABLE_OBJC_ARC = YES;
				CLANG_ENABLE_OBJC_WEAK = YES;
				CLANG_WARN_BLOCK_CAPTURE_AUTORELEASING = YES;
				CLANG_WARN_BOOL_CONVERSION = YES;
				CLANG_WARN_COMMA = YES;
				CLANG_WARN_CONSTANT_CONVERSION = YES;
				CLANG_WARN_DEPRECATED_OBJC_IMPLEMENTATIONS = YES;
				CLANG_WARN_DIRECT_OBJC_ISA_USAGE = YES_ERROR;
				CLANG_WARN_DOCUMENTATION_COMMENTS = YES;
				CLANG_WARN_EMPTY_BODY = YES;
				CLANG_WARN_ENUM_CONVERSION = YES;
				CLANG_WARN_INFINITE_RECURSION = YES;
				CLANG_WARN_INT_CONVERSION = YES;
				CLANG_WARN_NON_LITERAL_NULL_CONVERSION = YES;
				CLANG_WARN_OBJC_IMPLICIT_RETAIN_SELF = YES;
				CLANG_WARN_OBJC_LITERAL_CONVERSION = YES;
				CLANG_WARN_OBJC_ROOT_CLASS = YES_ERROR;
				CLANG_WARN_QUOTED_INCLUDE_IN_FRAMEWORK_HEADER = YES;
				CLANG_WARN_RANGE_LOOP_ANALYSIS = YES;
				CLANG_WARN_STRICT_PROTOTYPES = YES;
				CLANG_WARN_SUSPICIOUS_MOVE = YES;
				CLANG_WARN_UNGUARDED_AVAILABILITY = YES_AGGRESSIVE;
				CLANG_WARN_UNREACHABLE_CODE = YES;
				CLANG_WARN__DUPLICATE_METHOD_MATCH = YES;
				COPY_PHASE_STRIP = NO;
				DEBUG_INFORMATION_FORMAT = "dwarf-with-dsym";
				ENABLE_NS_ASSERTIONS = NO;
				ENABLE_STRICT_OBJC_MSGSEND = YES;
				GCC_C_LANGUAGE_STANDARD = gnu11;
				GCC_NO_COMMON_BLOCKS = YES;
				GCC_WARN_64_TO_32_BIT_CONVERSION = YES;
				GCC_WARN_ABOUT_RETURN_TYPE = YES_ERROR;
				GCC_WARN_UNDECLARED_SELECTOR = YES;
				GCC_WARN_UNINITIALIZED_AUTOS = YES_AGGRESSIVE;
				GCC_WARN_UNUSED_FUNCTION = YES;
				GCC_WARN_UNUSED_VARIABLE = YES;
				IPHONEOS_DEPLOYMENT_TARGET = 14.4;
				MTL_ENABLE_DEBUG_INFO = NO;
				MTL_FAST_MATH = YES;
				SDKROOT = iphoneos;
				SWIFT_COMPILATION_MODE = wholemodule;
				SWIFT_OPTIMIZATION_LEVEL = "-O";
				VALIDATE_PRODUCT = YES;
			};
			name = Release;
		};
		CED6B80B25C7B0FA005E0676 /* Debug */ = {
			isa = XCBuildConfiguration;
			buildSettings = {
				ASSETCATALOG_COMPILER_APPICON_NAME = AppIcon;
				ASSETCATALOG_COMPILER_GLOBAL_ACCENT_COLOR_NAME = AccentColor;
				CODE_SIGN_STYLE = Automatic;
				DEVELOPMENT_TEAM = V7J7CCXN4H;
				INFOPLIST_FILE = standfordCourseOne/Info.plist;
				IPHONEOS_DEPLOYMENT_TARGET = 13.0;
				LD_RUNPATH_SEARCH_PATHS = (
					"$(inherited)",
					"@executable_path/Frameworks",
				);
				PRODUCT_BUNDLE_IDENTIFIER = ru.shvetsovAlexander.standfordCourseOne;
				PRODUCT_NAME = "$(TARGET_NAME)";
				SWIFT_VERSION = 5.0;
				TARGETED_DEVICE_FAMILY = "1,2";
			};
			name = Debug;
		};
		CED6B80C25C7B0FA005E0676 /* Release */ = {
			isa = XCBuildConfiguration;
			buildSettings = {
				ASSETCATALOG_COMPILER_APPICON_NAME = AppIcon;
				ASSETCATALOG_COMPILER_GLOBAL_ACCENT_COLOR_NAME = AccentColor;
				CODE_SIGN_STYLE = Automatic;
				DEVELOPMENT_TEAM = V7J7CCXN4H;
				INFOPLIST_FILE = standfordCourseOne/Info.plist;
				IPHONEOS_DEPLOYMENT_TARGET = 13.0;
				LD_RUNPATH_SEARCH_PATHS = (
					"$(inherited)",
					"@executable_path/Frameworks",
				);
				PRODUCT_BUNDLE_IDENTIFIER = ru.shvetsovAlexander.standfordCourseOne;
				PRODUCT_NAME = "$(TARGET_NAME)";
				SWIFT_VERSION = 5.0;
				TARGETED_DEVICE_FAMILY = "1,2";
			};
			name = Release;
		};
/* End XCBuildConfiguration section */

/* Begin XCConfigurationList section */
		CED6B7F125C7B0F9005E0676 /* Build configuration list for PBXProject "standfordCourseOne" */ = {
			isa = XCConfigurationList;
			buildConfigurations = (
				CED6B80825C7B0FA005E0676 /* Debug */,
				CED6B80925C7B0FA005E0676 /* Release */,
			);
			defaultConfigurationIsVisible = 0;
			defaultConfigurationName = Release;
		};
		CED6B80A25C7B0FA005E0676 /* Build configuration list for PBXNativeTarget "standfordCourseOne" */ = {
			isa = XCConfigurationList;
			buildConfigurations = (
				CED6B80B25C7B0FA005E0676 /* Debug */,
				CED6B80C25C7B0FA005E0676 /* Release */,
			);
			defaultConfigurationIsVisible = 0;
			defaultConfigurationName = Release;
		};
/* End XCConfigurationList section */
	};
	rootObject = CED6B7EE25C7B0F9005E0676 /* Project object */;
}
